# This file is automatically @generated by Cargo.
# It is not intended for manual editing.
[[package]]
name = "drawille"
version = "0.2.3"
source = "registry+https://github.com/rust-lang/crates.io-index"

[[package]]
name = "legos"
version = "0.1.0"
dependencies = [
 "textplots 0.5.1 (registry+https://github.com/rust-lang/crates.io-index)",
]

[[package]]
name = "textplots"
version = "0.5.1"
source = "registry+https://github.com/rust-lang/crates.io-index"
dependencies = [
 "drawille 0.2.3 (registry+https://github.com/rust-lang/crates.io-index)",
]

[metadata]
"checksum drawille 0.2.3 (registry+https://github.com/rust-lang/crates.io-index)" = "81e127c19c76f5610bb32f6a5f5d1ce5a5374fedba554f05cf5599e3041cd634"
"checksum textplots 0.5.1 (registry+https://github.com/rust-lang/crates.io-index)" = "9fe1fef8bb21d469b8ffde36af69fbb721892cd79f165d864590bd43e8974127"
